
Microsoft Visual Studio Solution File, Format Version 12.00
# Visual Studio Version 17
VisualStudioVersion = 17.0.32126.317
MinimumVisualStudioVersion = 10.0.40219.1
Project("{8BC9CEB8-8B4A-11D0-8D11-00A0C91BC942}") = "vector", "vector_v1\vector_v1.vcxproj", "{3E3B98A6-D2C8-41C6-8076-B1BBA9F18B82}"
EndProject
Project("{8BC9CEB8-8B4A-11D0-8D11-00A0C91BC942}") = "vector_tests", "AddNumberToVectorElements_tests\AddNumberToVectorElements_tests.vcxproj", "{DA71553C-FD24-40FE-B6DD-A1B55E6A1443}"
EndProject
Project("{8BC9CEB8-8B4A-11D0-8D11-00A0C91BC942}") = "encode", "string\string.vcxproj", "{37BEB5A0-4020-42D0-8744-0E45E10500EE}"
EndProject
Project("{8BC9CEB8-8B4A-11D0-8D11-00A0C91BC942}") = "HtmlEncode_tests", "HtmlEncode_tests\HtmlEncode_tests.vcxproj", "{0B68430C-90B9-4F08-88BA-E94522D276B5}"
EndProject
Project("{8BC9CEB8-8B4A-11D0-8D11-00A0C91BC942}") = "decode", "HtmlDecode\HtmlDecode.vcxproj", "{59ECFB71-3EA8-4C9C-967D-88A552CD09F2}"
EndProject
Project("{8BC9CEB8-8B4A-11D0-8D11-00A0C91BC942}") = "HtmlDecode_tests", "HtmlDecode_tests\HtmlDecode_tests.vcxproj", "{4A613D09-C59A-4456-A19D-958A9FB22AC2}"
EndProject
Project("{8BC9CEB8-8B4A-11D0-8D11-00A0C91BC942}") = "wordCount", "wordCount\wordCount.vcxproj", "{EA7ADB87-90B8-4B2A-9DDA-2176AC2DD80A}"
EndProject
Project("{2150E333-8FDC-42A3-9474-1A3956D46DE8}") = "dictionary", "dictionary", "{E95E9105-7CE2-4283-AD11-06C5AD386E69}"
EndProject
Project("{8BC9CEB8-8B4A-11D0-8D11-00A0C91BC942}") = "dictionary", "dictionary\dictionary.vcxproj", "{AB28D06A-2210-425E-92D6-29D6BFE67F3C}"
EndProject
Project("{8BC9CEB8-8B4A-11D0-8D11-00A0C91BC942}") = "dictionary_tests", "dictionary_tests\dictionary_tests.vcxproj", "{A005D776-B3AD-48D3-9CB9-A1D61818339B}"
EndProject
Project("{2150E333-8FDC-42A3-9474-1A3956D46DE8}") = "PrimeNumbers", "PrimeNumbers", "{EFE30024-9FBE-4F25-AB24-04A1DEC459B0}"
EndProject
Project("{8BC9CEB8-8B4A-11D0-8D11-00A0C91BC942}") = "PrimeNumbers", "PrimeNumbers\PrimeNumbers.vcxproj", "{F6254BBF-426C-4E3B-A42B-B69A155113EA}"
EndProject
Global
	GlobalSection(SolutionConfigurationPlatforms) = preSolution
		Debug|x64 = Debug|x64
		Debug|x86 = Debug|x86
		Release|x64 = Release|x64
		Release|x86 = Release|x86
	EndGlobalSection
	GlobalSection(ProjectConfigurationPlatforms) = postSolution
		{3E3B98A6-D2C8-41C6-8076-B1BBA9F18B82}.Debug|x64.ActiveCfg = Debug|x64
		{3E3B98A6-D2C8-41C6-8076-B1BBA9F18B82}.Debug|x64.Build.0 = Debug|x64
		{3E3B98A6-D2C8-41C6-8076-B1BBA9F18B82}.Debug|x86.ActiveCfg = Debug|Win32
		{3E3B98A6-D2C8-41C6-8076-B1BBA9F18B82}.Debug|x86.Build.0 = Debug|Win32
		{3E3B98A6-D2C8-41C6-8076-B1BBA9F18B82}.Release|x64.ActiveCfg = Release|x64
		{3E3B98A6-D2C8-41C6-8076-B1BBA9F18B82}.Release|x64.Build.0 = Release|x64
		{3E3B98A6-D2C8-41C6-8076-B1BBA9F18B82}.Release|x86.ActiveCfg = Release|Win32
		{3E3B98A6-D2C8-41C6-8076-B1BBA9F18B82}.Release|x86.Build.0 = Release|Win32
		{DA71553C-FD24-40FE-B6DD-A1B55E6A1443}.Debug|x64.ActiveCfg = Debug|x64
		{DA71553C-FD24-40FE-B6DD-A1B55E6A1443}.Debug|x64.Build.0 = Debug|x64
		{DA71553C-FD24-40FE-B6DD-A1B55E6A1443}.Debug|x86.ActiveCfg = Debug|Win32
		{DA71553C-FD24-40FE-B6DD-A1B55E6A1443}.Debug|x86.Build.0 = Debug|Win32
		{DA71553C-FD24-40FE-B6DD-A1B55E6A1443}.Release|x64.ActiveCfg = Release|x64
		{DA71553C-FD24-40FE-B6DD-A1B55E6A1443}.Release|x64.Build.0 = Release|x64
		{DA71553C-FD24-40FE-B6DD-A1B55E6A1443}.Release|x86.ActiveCfg = Release|Win32
		{DA71553C-FD24-40FE-B6DD-A1B55E6A1443}.Release|x86.Build.0 = Release|Win32
		{37BEB5A0-4020-42D0-8744-0E45E10500EE}.Debug|x64.ActiveCfg = Debug|x64
		{37BEB5A0-4020-42D0-8744-0E45E10500EE}.Debug|x64.Build.0 = Debug|x64
		{37BEB5A0-4020-42D0-8744-0E45E10500EE}.Debug|x86.ActiveCfg = Debug|Win32
		{37BEB5A0-4020-42D0-8744-0E45E10500EE}.Debug|x86.Build.0 = Debug|Win32
		{37BEB5A0-4020-42D0-8744-0E45E10500EE}.Release|x64.ActiveCfg = Release|x64
		{37BEB5A0-4020-42D0-8744-0E45E10500EE}.Release|x64.Build.0 = Release|x64
		{37BEB5A0-4020-42D0-8744-0E45E10500EE}.Release|x86.ActiveCfg = Release|Win32
		{37BEB5A0-4020-42D0-8744-0E45E10500EE}.Release|x86.Build.0 = Release|Win32
		{0B68430C-90B9-4F08-88BA-E94522D276B5}.Debug|x64.ActiveCfg = Debug|x64
		{0B68430C-90B9-4F08-88BA-E94522D276B5}.Debug|x64.Build.0 = Debug|x64
		{0B68430C-90B9-4F08-88BA-E94522D276B5}.Debug|x86.ActiveCfg = Debug|Win32
		{0B68430C-90B9-4F08-88BA-E94522D276B5}.Debug|x86.Build.0 = Debug|Win32
		{0B68430C-90B9-4F08-88BA-E94522D276B5}.Release|x64.ActiveCfg = Release|x64
		{0B68430C-90B9-4F08-88BA-E94522D276B5}.Release|x64.Build.0 = Release|x64
		{0B68430C-90B9-4F08-88BA-E94522D276B5}.Release|x86.ActiveCfg = Release|Win32
		{0B68430C-90B9-4F08-88BA-E94522D276B5}.Release|x86.Build.0 = Release|Win32
		{59ECFB71-3EA8-4C9C-967D-88A552CD09F2}.Debug|x64.ActiveCfg = Debug|x64
		{59ECFB71-3EA8-4C9C-967D-88A552CD09F2}.Debug|x64.Build.0 = Debug|x64
		{59ECFB71-3EA8-4C9C-967D-88A552CD09F2}.Debug|x86.ActiveCfg = Debug|Win32
		{59ECFB71-3EA8-4C9C-967D-88A552CD09F2}.Debug|x86.Build.0 = Debug|Win32
		{59ECFB71-3EA8-4C9C-967D-88A552CD09F2}.Release|x64.ActiveCfg = Release|x64
		{59ECFB71-3EA8-4C9C-967D-88A552CD09F2}.Release|x64.Build.0 = Release|x64
		{59ECFB71-3EA8-4C9C-967D-88A552CD09F2}.Release|x86.ActiveCfg = Release|Win32
		{59ECFB71-3EA8-4C9C-967D-88A552CD09F2}.Release|x86.Build.0 = Release|Win32
		{4A613D09-C59A-4456-A19D-958A9FB22AC2}.Debug|x64.ActiveCfg = Debug|x64
		{4A613D09-C59A-4456-A19D-958A9FB22AC2}.Debug|x64.Build.0 = Debug|x64
		{4A613D09-C59A-4456-A19D-958A9FB22AC2}.Debug|x86.ActiveCfg = Debug|Win32
		{4A613D09-C59A-4456-A19D-958A9FB22AC2}.Debug|x86.Build.0 = Debug|Win32
		{4A613D09-C59A-4456-A19D-958A9FB22AC2}.Release|x64.ActiveCfg = Release|x64
		{4A613D09-C59A-4456-A19D-958A9FB22AC2}.Release|x64.Build.0 = Release|x64
		{4A613D09-C59A-4456-A19D-958A9FB22AC2}.Release|x86.ActiveCfg = Release|Win32
		{4A613D09-C59A-4456-A19D-958A9FB22AC2}.Release|x86.Build.0 = Release|Win32
		{EA7ADB87-90B8-4B2A-9DDA-2176AC2DD80A}.Debug|x64.ActiveCfg = Debug|x64
		{EA7ADB87-90B8-4B2A-9DDA-2176AC2DD80A}.Debug|x64.Build.0 = Debug|x64
		{EA7ADB87-90B8-4B2A-9DDA-2176AC2DD80A}.Debug|x86.ActiveCfg = Debug|Win32
		{EA7ADB87-90B8-4B2A-9DDA-2176AC2DD80A}.Debug|x86.Build.0 = Debug|Win32
		{EA7ADB87-90B8-4B2A-9DDA-2176AC2DD80A}.Release|x64.ActiveCfg = Release|x64
		{EA7ADB87-90B8-4B2A-9DDA-2176AC2DD80A}.Release|x64.Build.0 = Release|x64
		{EA7ADB87-90B8-4B2A-9DDA-2176AC2DD80A}.Release|x86.ActiveCfg = Release|Win32
		{EA7ADB87-90B8-4B2A-9DDA-2176AC2DD80A}.Release|x86.Build.0 = Release|Win32
		{AB28D06A-2210-425E-92D6-29D6BFE67F3C}.Debug|x64.ActiveCfg = Debug|x64
		{AB28D06A-2210-425E-92D6-29D6BFE67F3C}.Debug|x64.Build.0 = Debug|x64
		{AB28D06A-2210-425E-92D6-29D6BFE67F3C}.Debug|x86.ActiveCfg = Debug|Win32
		{AB28D06A-2210-425E-92D6-29D6BFE67F3C}.Debug|x86.Build.0 = Debug|Win32
		{AB28D06A-2210-425E-92D6-29D6BFE67F3C}.Release|x64.ActiveCfg = Release|x64
		{AB28D06A-2210-425E-92D6-29D6BFE67F3C}.Release|x64.Build.0 = Release|x64
		{AB28D06A-2210-425E-92D6-29D6BFE67F3C}.Release|x86.ActiveCfg = Release|Win32
		{AB28D06A-2210-425E-92D6-29D6BFE67F3C}.Release|x86.Build.0 = Release|Win32
		{A005D776-B3AD-48D3-9CB9-A1D61818339B}.Debug|x64.ActiveCfg = Debug|x64
		{A005D776-B3AD-48D3-9CB9-A1D61818339B}.Debug|x64.Build.0 = Debug|x64
		{A005D776-B3AD-48D3-9CB9-A1D61818339B}.Debug|x86.ActiveCfg = Debug|Win32
		{A005D776-B3AD-48D3-9CB9-A1D61818339B}.Debug|x86.Build.0 = Debug|Win32
		{A005D776-B3AD-48D3-9CB9-A1D61818339B}.Release|x64.ActiveCfg = Release|x64
		{A005D776-B3AD-48D3-9CB9-A1D61818339B}.Release|x64.Build.0 = Release|x64
		{A005D776-B3AD-48D3-9CB9-A1D61818339B}.Release|x86.ActiveCfg = Release|Win32
		{A005D776-B3AD-48D3-9CB9-A1D61818339B}.Release|x86.Build.0 = Release|Win32
		{F6254BBF-426C-4E3B-A42B-B69A155113EA}.Debug|x64.ActiveCfg = Debug|x64
		{F6254BBF-426C-4E3B-A42B-B69A155113EA}.Debug|x64.Build.0 = Debug|x64
		{F6254BBF-426C-4E3B-A42B-B69A155113EA}.Debug|x86.ActiveCfg = Debug|Win32
		{F6254BBF-426C-4E3B-A42B-B69A155113EA}.Debug|x86.Build.0 = Debug|Win32
		{F6254BBF-426C-4E3B-A42B-B69A155113EA}.Release|x64.ActiveCfg = Release|x64
		{F6254BBF-426C-4E3B-A42B-B69A155113EA}.Release|x64.Build.0 = Release|x64
		{F6254BBF-426C-4E3B-A42B-B69A155113EA}.Release|x86.ActiveCfg = Release|Win32
		{F6254BBF-426C-4E3B-A42B-B69A155113EA}.Release|x86.Build.0 = Release|Win32
	EndGlobalSection
	GlobalSection(SolutionProperties) = preSolution
		HideSolutionNode = FALSE
	EndGlobalSection
	GlobalSection(NestedProjects) = preSolution
		{AB28D06A-2210-425E-92D6-29D6BFE67F3C} = {E95E9105-7CE2-4283-AD11-06C5AD386E69}
		{A005D776-B3AD-48D3-9CB9-A1D61818339B} = {E95E9105-7CE2-4283-AD11-06C5AD386E69}
		{F6254BBF-426C-4E3B-A42B-B69A155113EA} = {EFE30024-9FBE-4F25-AB24-04A1DEC459B0}
	EndGlobalSection
	GlobalSection(ExtensibilityGlobals) = postSolution
		SolutionGuid = {F51E02F5-7113-448C-A391-EFF8E3122943}
	EndGlobalSection
EndGlobal
