
Microsoft Visual Studio Solution File, Format Version 12.00
# Visual Studio Version 17
VisualStudioVersion = 17.1.32319.34
MinimumVisualStudioVersion = 10.0.40219.1
Project("{2150E333-8FDC-42A3-9474-1A3956D46DE8}") = "lab3", "lab3", "{FB386F0B-83FF-490D-AC21-D6545B37104F}"
EndProject
Project("{8BC9CEB8-8B4A-11D0-8D11-00A0C91BC942}") = "carApp", "carApp\carApp.vcxproj", "{27DAF316-8F5C-4E20-89E6-0CEC60172134}"
EndProject
Project("{2150E333-8FDC-42A3-9474-1A3956D46DE8}") = "task2", "task2", "{42C96EEA-2E2F-4A6C-9930-884002DBD81A}"
EndProject
Project("{8BC9CEB8-8B4A-11D0-8D11-00A0C91BC942}") = "carApp_tests", "carApp_tests\carApp_tests.vcxproj", "{86B83767-FE38-4EAD-A171-00D5C148A55F}"
EndProject
Project("{8BC9CEB8-8B4A-11D0-8D11-00A0C91BC942}") = "carApp_tests2", "carApp_tests2\carApp_tests2.vcxproj", "{F53E58E3-1A45-4F9F-A4BE-A2854B94B587}"
EndProject
Project("{2150E333-8FDC-42A3-9474-1A3956D46DE8}") = "lab4", "lab4", "{8F2C8C5B-1BC3-4F08-831A-D933F84F8706}"
EndProject
Project("{2150E333-8FDC-42A3-9474-1A3956D46DE8}") = "task1", "task1", "{3E63EBB4-7B29-4C3C-AB26-D0BF872DC6D6}"
EndProject
Project("{8BC9CEB8-8B4A-11D0-8D11-00A0C91BC942}") = "shape", "shape\shape.vcxproj", "{441C29EE-2F7B-475C-BA74-108D94796C8E}"
EndProject
Project("{8BC9CEB8-8B4A-11D0-8D11-00A0C91BC942}") = "shape_tests", "shape_tests\shape_tests.vcxproj", "{B97D29E6-EE1D-4DD7-BF91-91148B216F66}"
EndProject
Project("{2150E333-8FDC-42A3-9474-1A3956D46DE8}") = "lab5", "lab5", "{4667CE0F-1C76-413C-9DEE-640D5F076199}"
EndProject
Project("{2150E333-8FDC-42A3-9474-1A3956D46DE8}") = "task1", "task1", "{C0DEEB51-79E2-4985-B8CA-F6E86B6FD773}"
EndProject
Project("{8BC9CEB8-8B4A-11D0-8D11-00A0C91BC942}") = "complex", "complex\complex.vcxproj", "{3764CC74-352A-4582-B146-CB1700BC7BEC}"
EndProject
Project("{8BC9CEB8-8B4A-11D0-8D11-00A0C91BC942}") = "complex_tests", "complex_tests\complex_tests.vcxproj", "{3AC3A039-82AA-43DD-A254-E6B22336D1A2}"
EndProject
Global
	GlobalSection(SolutionConfigurationPlatforms) = preSolution
		Debug|x64 = Debug|x64
		Debug|x86 = Debug|x86
		Release|x64 = Release|x64
		Release|x86 = Release|x86
	EndGlobalSection
	GlobalSection(ProjectConfigurationPlatforms) = postSolution
		{27DAF316-8F5C-4E20-89E6-0CEC60172134}.Debug|x64.ActiveCfg = Debug|x64
		{27DAF316-8F5C-4E20-89E6-0CEC60172134}.Debug|x64.Build.0 = Debug|x64
		{27DAF316-8F5C-4E20-89E6-0CEC60172134}.Debug|x86.ActiveCfg = Debug|Win32
		{27DAF316-8F5C-4E20-89E6-0CEC60172134}.Debug|x86.Build.0 = Debug|Win32
		{27DAF316-8F5C-4E20-89E6-0CEC60172134}.Release|x64.ActiveCfg = Release|x64
		{27DAF316-8F5C-4E20-89E6-0CEC60172134}.Release|x64.Build.0 = Release|x64
		{27DAF316-8F5C-4E20-89E6-0CEC60172134}.Release|x86.ActiveCfg = Release|Win32
		{27DAF316-8F5C-4E20-89E6-0CEC60172134}.Release|x86.Build.0 = Release|Win32
		{86B83767-FE38-4EAD-A171-00D5C148A55F}.Debug|x64.ActiveCfg = Debug|x64
		{86B83767-FE38-4EAD-A171-00D5C148A55F}.Debug|x64.Build.0 = Debug|x64
		{86B83767-FE38-4EAD-A171-00D5C148A55F}.Debug|x86.ActiveCfg = Debug|Win32
		{86B83767-FE38-4EAD-A171-00D5C148A55F}.Debug|x86.Build.0 = Debug|Win32
		{86B83767-FE38-4EAD-A171-00D5C148A55F}.Release|x64.ActiveCfg = Release|x64
		{86B83767-FE38-4EAD-A171-00D5C148A55F}.Release|x64.Build.0 = Release|x64
		{86B83767-FE38-4EAD-A171-00D5C148A55F}.Release|x86.ActiveCfg = Release|Win32
		{86B83767-FE38-4EAD-A171-00D5C148A55F}.Release|x86.Build.0 = Release|Win32
		{F53E58E3-1A45-4F9F-A4BE-A2854B94B587}.Debug|x64.ActiveCfg = Debug|x64
		{F53E58E3-1A45-4F9F-A4BE-A2854B94B587}.Debug|x64.Build.0 = Debug|x64
		{F53E58E3-1A45-4F9F-A4BE-A2854B94B587}.Debug|x86.ActiveCfg = Debug|Win32
		{F53E58E3-1A45-4F9F-A4BE-A2854B94B587}.Debug|x86.Build.0 = Debug|Win32
		{F53E58E3-1A45-4F9F-A4BE-A2854B94B587}.Release|x64.ActiveCfg = Release|x64
		{F53E58E3-1A45-4F9F-A4BE-A2854B94B587}.Release|x64.Build.0 = Release|x64
		{F53E58E3-1A45-4F9F-A4BE-A2854B94B587}.Release|x86.ActiveCfg = Release|Win32
		{F53E58E3-1A45-4F9F-A4BE-A2854B94B587}.Release|x86.Build.0 = Release|Win32
		{441C29EE-2F7B-475C-BA74-108D94796C8E}.Debug|x64.ActiveCfg = Debug|x64
		{441C29EE-2F7B-475C-BA74-108D94796C8E}.Debug|x64.Build.0 = Debug|x64
		{441C29EE-2F7B-475C-BA74-108D94796C8E}.Debug|x86.ActiveCfg = Debug|Win32
		{441C29EE-2F7B-475C-BA74-108D94796C8E}.Debug|x86.Build.0 = Debug|Win32
		{441C29EE-2F7B-475C-BA74-108D94796C8E}.Release|x64.ActiveCfg = Release|x64
		{441C29EE-2F7B-475C-BA74-108D94796C8E}.Release|x64.Build.0 = Release|x64
		{441C29EE-2F7B-475C-BA74-108D94796C8E}.Release|x86.ActiveCfg = Release|Win32
		{441C29EE-2F7B-475C-BA74-108D94796C8E}.Release|x86.Build.0 = Release|Win32
		{B97D29E6-EE1D-4DD7-BF91-91148B216F66}.Debug|x64.ActiveCfg = Debug|x64
		{B97D29E6-EE1D-4DD7-BF91-91148B216F66}.Debug|x64.Build.0 = Debug|x64
		{B97D29E6-EE1D-4DD7-BF91-91148B216F66}.Debug|x86.ActiveCfg = Debug|Win32
		{B97D29E6-EE1D-4DD7-BF91-91148B216F66}.Debug|x86.Build.0 = Debug|Win32
		{B97D29E6-EE1D-4DD7-BF91-91148B216F66}.Release|x64.ActiveCfg = Release|x64
		{B97D29E6-EE1D-4DD7-BF91-91148B216F66}.Release|x64.Build.0 = Release|x64
		{B97D29E6-EE1D-4DD7-BF91-91148B216F66}.Release|x86.ActiveCfg = Release|Win32
		{B97D29E6-EE1D-4DD7-BF91-91148B216F66}.Release|x86.Build.0 = Release|Win32
		{3764CC74-352A-4582-B146-CB1700BC7BEC}.Debug|x64.ActiveCfg = Debug|x64
		{3764CC74-352A-4582-B146-CB1700BC7BEC}.Debug|x64.Build.0 = Debug|x64
		{3764CC74-352A-4582-B146-CB1700BC7BEC}.Debug|x86.ActiveCfg = Debug|Win32
		{3764CC74-352A-4582-B146-CB1700BC7BEC}.Debug|x86.Build.0 = Debug|Win32
		{3764CC74-352A-4582-B146-CB1700BC7BEC}.Release|x64.ActiveCfg = Release|x64
		{3764CC74-352A-4582-B146-CB1700BC7BEC}.Release|x64.Build.0 = Release|x64
		{3764CC74-352A-4582-B146-CB1700BC7BEC}.Release|x86.ActiveCfg = Release|Win32
		{3764CC74-352A-4582-B146-CB1700BC7BEC}.Release|x86.Build.0 = Release|Win32
		{3AC3A039-82AA-43DD-A254-E6B22336D1A2}.Debug|x64.ActiveCfg = Debug|x64
		{3AC3A039-82AA-43DD-A254-E6B22336D1A2}.Debug|x64.Build.0 = Debug|x64
		{3AC3A039-82AA-43DD-A254-E6B22336D1A2}.Debug|x86.ActiveCfg = Debug|Win32
		{3AC3A039-82AA-43DD-A254-E6B22336D1A2}.Debug|x86.Build.0 = Debug|Win32
		{3AC3A039-82AA-43DD-A254-E6B22336D1A2}.Release|x64.ActiveCfg = Release|x64
		{3AC3A039-82AA-43DD-A254-E6B22336D1A2}.Release|x64.Build.0 = Release|x64
		{3AC3A039-82AA-43DD-A254-E6B22336D1A2}.Release|x86.ActiveCfg = Release|Win32
		{3AC3A039-82AA-43DD-A254-E6B22336D1A2}.Release|x86.Build.0 = Release|Win32
	EndGlobalSection
	GlobalSection(SolutionProperties) = preSolution
		HideSolutionNode = FALSE
	EndGlobalSection
	GlobalSection(NestedProjects) = preSolution
		{27DAF316-8F5C-4E20-89E6-0CEC60172134} = {42C96EEA-2E2F-4A6C-9930-884002DBD81A}
		{42C96EEA-2E2F-4A6C-9930-884002DBD81A} = {FB386F0B-83FF-490D-AC21-D6545B37104F}
		{86B83767-FE38-4EAD-A171-00D5C148A55F} = {42C96EEA-2E2F-4A6C-9930-884002DBD81A}
		{F53E58E3-1A45-4F9F-A4BE-A2854B94B587} = {42C96EEA-2E2F-4A6C-9930-884002DBD81A}
		{3E63EBB4-7B29-4C3C-AB26-D0BF872DC6D6} = {8F2C8C5B-1BC3-4F08-831A-D933F84F8706}
		{441C29EE-2F7B-475C-BA74-108D94796C8E} = {3E63EBB4-7B29-4C3C-AB26-D0BF872DC6D6}
		{B97D29E6-EE1D-4DD7-BF91-91148B216F66} = {3E63EBB4-7B29-4C3C-AB26-D0BF872DC6D6}
		{C0DEEB51-79E2-4985-B8CA-F6E86B6FD773} = {4667CE0F-1C76-413C-9DEE-640D5F076199}
		{3764CC74-352A-4582-B146-CB1700BC7BEC} = {C0DEEB51-79E2-4985-B8CA-F6E86B6FD773}
		{3AC3A039-82AA-43DD-A254-E6B22336D1A2} = {C0DEEB51-79E2-4985-B8CA-F6E86B6FD773}
	EndGlobalSection
	GlobalSection(ExtensibilityGlobals) = postSolution
		SolutionGuid = {3EC57E93-BCAE-4F5F-B02B-24AEDC807B5B}
	EndGlobalSection
EndGlobal
